
Microsoft Visual Studio Solution File, Format Version 12.00
# Visual Studio Version 16
VisualStudioVersion = 16.0.30413.136
MinimumVisualStudioVersion = 10.0.40219.1
Project("{FAE04EC0-301F-11D3-BF4B-00C04F79EFBC}") = "ContosoUniversity", "ContosoUniversity\ContosoUniversity.csproj", "{E3F57E1F-6E30-4FDF-910F-F5EE1FA95BA7}"
EndProject
Global
	GlobalSection(SolutionConfigurationPlatforms) = preSolution
		Debug|Any CPU = Debug|Any CPU
		Release|Any CPU = Release|Any CPU
	EndGlobalSection
	GlobalSection(ProjectConfigurationPlatforms) = postSolution
		{E3F57E1F-6E30-4FDF-910F-F5EE1FA95BA7}.Debug|Any CPU.ActiveCfg = Debug|Any CPU
		{E3F57E1F-6E30-4FDF-910F-F5EE1FA95BA7}.Debug|Any CPU.Build.0 = Debug|Any CPU
		{E3F57E1F-6E30-4FDF-910F-F5EE1FA95BA7}.Release|Any CPU.ActiveCfg = Release|Any CPU
		{E3F57E1F-6E30-4FDF-910F-F5EE1FA95BA7}.Release|Any CPU.Build.0 = Release|Any CPU
	EndGlobalSection
	GlobalSection(SolutionProperties) = preSolution
		HideSolutionNode = FALSE
	EndGlobalSection
	GlobalSection(ExtensibilityGlobals) = postSolution
		SolutionGuid = {141A2884-C8F7-41A9-8D54-629A05E9C005}
	EndGlobalSection
EndGlobal
